
Microsoft Visual Studio Solution File, Format Version 12.00
# Visual Studio Version 16
VisualStudioVersion = 16.0.33328.57
MinimumVisualStudioVersion = 10.0.40219.1
Project("{FAE04EC0-301F-11D3-BF4B-00C04F79EFBC}") = "Cqrs", "Cqrs\Cqrs.csproj", "{BBAE2B57-99C4-461F-9719-BE7429598325}"
EndProject
Global
	GlobalSection(SolutionConfigurationPlatforms) = preSolution
		Debug|Any CPU = Debug|Any CPU
		Release|Any CPU = Release|Any CPU
	EndGlobalSection
	GlobalSection(ProjectConfigurationPlatforms) = postSolution
		{BBAE2B57-99C4-461F-9719-BE7429598325}.Debug|Any CPU.ActiveCfg = Debug|Any CPU
		{BBAE2B57-99C4-461F-9719-BE7429598325}.Debug|Any CPU.Build.0 = Debug|Any CPU
		{BBAE2B57-99C4-461F-9719-BE7429598325}.Release|Any CPU.ActiveCfg = Release|Any CPU
		{BBAE2B57-99C4-461F-9719-BE7429598325}.Release|Any CPU.Build.0 = Release|Any CPU
	EndGlobalSection
	GlobalSection(SolutionProperties) = preSolution
		HideSolutionNode = FALSE
	EndGlobalSection
	GlobalSection(ExtensibilityGlobals) = postSolution
		SolutionGuid = {03DF0022-0F0A-4E74-A206-A6F5DA6BE76D}
	EndGlobalSection
EndGlobal
